// !$*UTF8*$!
{
	archiveVersion = 1;
	classes = {
	};
	objectVersion = 50;
	objects = {

/* Begin PBXBuildFile section */
		AC2D9DB8227B368C005F1E68 /* AppDelegate.m in Sources */ = {isa = PBXBuildFile; fileRef = AC2D9DB7227B368C005F1E68 /* AppDelegate.m */; };
		AC2D9DBE227B368C005F1E68 /* Main.storyboard in Resources */ = {isa = PBXBuildFile; fileRef = AC2D9DBC227B368C005F1E68 /* Main.storyboard */; };
		AC2D9DC3227B3690005F1E68 /* LaunchScreen.storyboard in Resources */ = {isa = PBXBuildFile; fileRef = AC2D9DC1227B3690005F1E68 /* LaunchScreen.storyboard */; };
		AC2D9DC6227B3690005F1E68 /* main.m in Sources */ = {isa = PBXBuildFile; fileRef = AC2D9DC5227B3690005F1E68 /* main.m */; };
		AC2D9DCD227B416C005F1E68 /* Assets.xcassets in Resources */ = {isa = PBXBuildFile; fileRef = AC2D9DCC227B416C005F1E68 /* Assets.xcassets */; };
		AC2D9DD2227B4906005F1E68 /* DrinksViewController.m in Sources */ = {isa = PBXBuildFile; fileRef = AC2D9DD1227B4906005F1E68 /* DrinksViewController.m */; };
		AC2D9DD5227B4919005F1E68 /* ShoppingCartViewController.m in Sources */ = {isa = PBXBuildFile; fileRef = AC2D9DD4227B4919005F1E68 /* ShoppingCartViewController.m */; };
/* End PBXBuildFile section */

/* Begin PBXFileReference section */
		AC2D9DB3227B368C005F1E68 /* ShoppingCart.app */ = {isa = PBXFileReference; explicitFileType = wrapper.application; includeInIndex = 0; path = ShoppingCart.app; sourceTree = BUILT_PRODUCTS_DIR; };
		AC2D9DB6227B368C005F1E68 /* AppDelegate.h */ = {isa = PBXFileReference; lastKnownFileType = sourcecode.c.h; path = AppDelegate.h; sourceTree = "<group>"; };
		AC2D9DB7227B368C005F1E68 /* AppDelegate.m */ = {isa = PBXFileReference; lastKnownFileType = sourcecode.c.objc; path = AppDelegate.m; sourceTree = "<group>"; };
		AC2D9DBD227B368C005F1E68 /* Base */ = {isa = PBXFileReference; lastKnownFileType = file.storyboard; name = Base; path = Base.lproj/Main.storyboard; sourceTree = "<group>"; };
		AC2D9DC2227B3690005F1E68 /* Base */ = {isa = PBXFileReference; lastKnownFileType = file.storyboard; name = Base; path = Base.lproj/LaunchScreen.storyboard; sourceTree = "<group>"; };
		AC2D9DC4227B3690005F1E68 /* Info.plist */ = {isa = PBXFileReference; lastKnownFileType = text.plist.xml; path = Info.plist; sourceTree = "<group>"; };
		AC2D9DC5227B3690005F1E68 /* main.m */ = {isa = PBXFileReference; lastKnownFileType = sourcecode.c.objc; path = main.m; sourceTree = "<group>"; };
		AC2D9DCC227B416C005F1E68 /* Assets.xcassets */ = {isa = PBXFileReference; lastKnownFileType = folder.assetcatalog; path = Assets.xcassets; sourceTree = "<group>"; };
		AC2D9DD0227B4906005F1E68 /* DrinksViewController.h */ = {isa = PBXFileReference; lastKnownFileType = sourcecode.c.h; path = DrinksViewController.h; sourceTree = "<group>"; };
		AC2D9DD1227B4906005F1E68 /* DrinksViewController.m */ = {isa = PBXFileReference; lastKnownFileType = sourcecode.c.objc; path = DrinksViewController.m; sourceTree = "<group>"; };
		AC2D9DD3227B4919005F1E68 /* ShoppingCartViewController.h */ = {isa = PBXFileReference; lastKnownFileType = sourcecode.c.h; path = ShoppingCartViewController.h; sourceTree = "<group>"; };
		AC2D9DD4227B4919005F1E68 /* ShoppingCartViewController.m */ = {isa = PBXFileReference; lastKnownFileType = sourcecode.c.objc; path = ShoppingCartViewController.m; sourceTree = "<group>"; };
/* End PBXFileReference section */

/* Begin PBXFrameworksBuildPhase section */
		AC2D9DB0227B368C005F1E68 /* Frameworks */ = {
			isa = PBXFrameworksBuildPhase;
			buildActionMask = 2147483647;
			files = (
			);
			runOnlyForDeploymentPostprocessing = 0;
		};
/* End PBXFrameworksBuildPhase section */

/* Begin PBXGroup section */
		AC2D9DAA227B368C005F1E68 = {
			isa = PBXGroup;
			children = (
				AC2D9DB5227B368C005F1E68 /* ShoppingCart */,
				AC2D9DB4227B368C005F1E68 /* Products */,
			);
			sourceTree = "<group>";
		};
		AC2D9DB4227B368C005F1E68 /* Products */ = {
			isa = PBXGroup;
			children = (
				AC2D9DB3227B368C005F1E68 /* ShoppingCart.app */,
			);
			name = Products;
			sourceTree = "<group>";
		};
		AC2D9DB5227B368C005F1E68 /* ShoppingCart */ = {
			isa = PBXGroup;
			children = (
				AC2D9DD6227B4A81005F1E68 /* Request */,
				AC2D9DCF227B4856005F1E68 /* Shopping Cart */,
				AC2D9DCE227B4849005F1E68 /* Drinks */,
				AC2D9DCC227B416C005F1E68 /* Assets.xcassets */,
				AC2D9DB6227B368C005F1E68 /* AppDelegate.h */,
				AC2D9DB7227B368C005F1E68 /* AppDelegate.m */,
				AC2D9DC1227B3690005F1E68 /* LaunchScreen.storyboard */,
				AC2D9DC4227B3690005F1E68 /* Info.plist */,
				AC2D9DC5227B3690005F1E68 /* main.m */,
			);
			path = ShoppingCart;
			sourceTree = "<group>";
		};
		AC2D9DCE227B4849005F1E68 /* Drinks */ = {
			isa = PBXGroup;
			children = (
				AC2D9DBC227B368C005F1E68 /* Main.storyboard */,
				AC2D9DD0227B4906005F1E68 /* DrinksViewController.h */,
				AC2D9DD1227B4906005F1E68 /* DrinksViewController.m */,
			);
			path = Drinks;
			sourceTree = "<group>";
		};
		AC2D9DCF227B4856005F1E68 /* Shopping Cart */ = {
			isa = PBXGroup;
			children = (
				AC2D9DD3227B4919005F1E68 /* ShoppingCartViewController.h */,
				AC2D9DD4227B4919005F1E68 /* ShoppingCartViewController.m */,
			);
			path = "Shopping Cart";
			sourceTree = "<group>";
		};
		AC2D9DD6227B4A81005F1E68 /* Request */ = {
			isa = PBXGroup;
			children = (
			);
			path = Request;
			sourceTree = "<group>";
		};
/* End PBXGroup section */

/* Begin PBXNativeTarget section */
		AC2D9DB2227B368C005F1E68 /* ShoppingCart */ = {
			isa = PBXNativeTarget;
			buildConfigurationList = AC2D9DC9227B3690005F1E68 /* Build configuration list for PBXNativeTarget "ShoppingCart" */;
			buildPhases = (
				AC2D9DAF227B368C005F1E68 /* Sources */,
				AC2D9DB0227B368C005F1E68 /* Frameworks */,
				AC2D9DB1227B368C005F1E68 /* Resources */,
			);
			buildRules = (
			);
			dependencies = (
			);
			name = ShoppingCart;
			productName = ShoppingCart;
			productReference = AC2D9DB3227B368C005F1E68 /* ShoppingCart.app */;
			productType = "com.apple.product-type.application";
		};
/* End PBXNativeTarget section */

/* Begin PBXProject section */
		AC2D9DAB227B368C005F1E68 /* Project object */ = {
			isa = PBXProject;
			attributes = {
				LastUpgradeCheck = 1020;
				ORGANIZATIONNAME = "Carlos Mendieta";
				TargetAttributes = {
					AC2D9DB2227B368C005F1E68 = {
						CreatedOnToolsVersion = 10.2.1;
					};
				};
			};
			buildConfigurationList = AC2D9DAE227B368C005F1E68 /* Build configuration list for PBXProject "ShoppingCart" */;
			compatibilityVersion = "Xcode 9.3";
			developmentRegion = en;
			hasScannedForEncodings = 0;
			knownRegions = (
				en,
				Base,
			);
			mainGroup = AC2D9DAA227B368C005F1E68;
			productRefGroup = AC2D9DB4227B368C005F1E68 /* Products */;
			projectDirPath = "";
			projectRoot = "";
			targets = (
				AC2D9DB2227B368C005F1E68 /* ShoppingCart */,
			);
		};
/* End PBXProject section */

/* Begin PBXResourcesBuildPhase section */
		AC2D9DB1227B368C005F1E68 /* Resources */ = {
			isa = PBXResourcesBuildPhase;
			buildActionMask = 2147483647;
			files = (
				AC2D9DC3227B3690005F1E68 /* LaunchScreen.storyboard in Resources */,
				AC2D9DCD227B416C005F1E68 /* Assets.xcassets in Resources */,
				AC2D9DBE227B368C005F1E68 /* Main.storyboard in Resources */,
			);
			runOnlyForDeploymentPostprocessing = 0;
		};
/* End PBXResourcesBuildPhase section */

/* Begin PBXSourcesBuildPhase section */
		AC2D9DAF227B368C005F1E68 /* Sources */ = {
			isa = PBXSourcesBuildPhase;
			buildActionMask = 2147483647;
			files = (
				AC2D9DD5227B4919005F1E68 /* ShoppingCartViewController.m in Sources */,
				AC2D9DC6227B3690005F1E68 /* main.m in Sources */,
				AC2D9DB8227B368C005F1E68 /* AppDelegate.m in Sources */,
				AC2D9DD2227B4906005F1E68 /* DrinksViewController.m in Sources */,
			);
			runOnlyForDeploymentPostprocessing = 0;
		};
/* End PBXSourcesBuildPhase section */

/* Begin PBXVariantGroup section */
		AC2D9DBC227B368C005F1E68 /* Main.storyboard */ = {
			isa = PBXVariantGroup;
			children = (
				AC2D9DBD227B368C005F1E68 /* Base */,
			);
			name = Main.storyboard;
			sourceTree = "<group>";
		};
		AC2D9DC1227B3690005F1E68 /* LaunchScreen.storyboard */ = {
			isa = PBXVariantGroup;
			children = (
				AC2D9DC2227B3690005F1E68 /* Base */,
			);
			name = LaunchScreen.storyboard;
			sourceTree = "<group>";
		};
/* End PBXVariantGroup section */

/* Begin XCBuildConfiguration section */
		AC2D9DC7227B3690005F1E68 /* Debug */ = {
			isa = XCBuildConfiguration;
			buildSettings = {
				ALWAYS_SEARCH_USER_PATHS = NO;
				CLANG_ANALYZER_NONNULL = YES;
				CLANG_ANALYZER_NUMBER_OBJECT_CONVERSION = YES_AGGRESSIVE;
				CLANG_CXX_LANGUAGE_STANDARD = "gnu++14";
				CLANG_CXX_LIBRARY = "libc++";
				CLANG_ENABLE_MODULES = YES;
				CLANG_ENABLE_OBJC_ARC = YES;
				CLANG_ENABLE_OBJC_WEAK = YES;
				CLANG_WARN_BLOCK_CAPTURE_AUTORELEASING = YES;
				CLANG_WARN_BOOL_CONVERSION = YES;
				CLANG_WARN_COMMA = YES;
				CLANG_WARN_CONSTANT_CONVERSION = YES;
				CLANG_WARN_DEPRECATED_OBJC_IMPLEMENTATIONS = YES;
				CLANG_WARN_DIRECT_OBJC_ISA_USAGE = YES_ERROR;
				CLANG_WARN_DOCUMENTATION_COMMENTS = YES;
				CLANG_WARN_EMPTY_BODY = YES;
				CLANG_WARN_ENUM_CONVERSION = YES;
				CLANG_WARN_INFINITE_RECURSION = YES;
				CLANG_WARN_INT_CONVERSION = YES;
				CLANG_WARN_NON_LITERAL_NULL_CONVERSION = YES;
				CLANG_WARN_OBJC_IMPLICIT_RETAIN_SELF = YES;
				CLANG_WARN_OBJC_LITERAL_CONVERSION = YES;
				CLANG_WARN_OBJC_ROOT_CLASS = YES_ERROR;
				CLANG_WARN_RANGE_LOOP_ANALYSIS = YES;
				CLANG_WARN_STRICT_PROTOTYPES = YES;
				CLANG_WARN_SUSPICIOUS_MOVE = YES;
				CLANG_WARN_UNGUARDED_AVAILABILITY = YES_AGGRESSIVE;
				CLANG_WARN_UNREACHABLE_CODE = YES;
				CLANG_WARN__DUPLICATE_METHOD_MATCH = YES;
				CODE_SIGN_IDENTITY = "iPhone Developer";
				COPY_PHASE_STRIP = NO;
				DEBUG_INFORMATION_FORMAT = dwarf;
				ENABLE_STRICT_OBJC_MSGSEND = YES;
				ENABLE_TESTABILITY = YES;
				GCC_C_LANGUAGE_STANDARD = gnu11;
				GCC_DYNAMIC_NO_PIC = NO;
				GCC_NO_COMMON_BLOCKS = YES;
				GCC_OPTIMIZATION_LEVEL = 0;
				GCC_PREPROCESSOR_DEFINITIONS = (
					"DEBUG=1",
					"$(inherited)",
				);
				GCC_WARN_64_TO_32_BIT_CONVERSION = YES;
				GCC_WARN_ABOUT_RETURN_TYPE = YES_ERROR;
				GCC_WARN_UNDECLARED_SELECTOR = YES;
				GCC_WARN_UNINITIALIZED_AUTOS = YES_AGGRESSIVE;
				GCC_WARN_UNUSED_FUNCTION = YES;
				GCC_WARN_UNUSED_VARIABLE = YES;
				IPHONEOS_DEPLOYMENT_TARGET = 12.2;
				MTL_ENABLE_DEBUG_INFO = INCLUDE_SOURCE;
				MTL_FAST_MATH = YES;
				ONLY_ACTIVE_ARCH = YES;
				SDKROOT = iphoneos;
			};
			name = Debug;
		};
		AC2D9DC8227B3690005F1E68 /* Release */ = {
			isa = XCBuildConfiguration;
			buildSettings = {
				ALWAYS_SEARCH_USER_PATHS = NO;
				CLANG_ANALYZER_NONNULL = YES;
				CLANG_ANALYZER_NUMBER_OBJECT_CONVERSION = YES_AGGRESSIVE;
				CLANG_CXX_LANGUAGE_STANDARD = "gnu++14";
				CLANG_CXX_LIBRARY = "libc++";
				CLANG_ENABLE_MODULES = YES;
				CLANG_ENABLE_OBJC_ARC = YES;
				CLANG_ENABLE_OBJC_WEAK = YES;
				CLANG_WARN_BLOCK_CAPTURE_AUTORELEASING = YES;
				CLANG_WARN_BOOL_CONVERSION = YES;
				CLANG_WARN_COMMA = YES;
				CLANG_WARN_CONSTANT_CONVERSION = YES;
				CLANG_WARN_DEPRECATED_OBJC_IMPLEMENTATIONS = YES;
				CLANG_WARN_DIRECT_OBJC_ISA_USAGE = YES_ERROR;
				CLANG_WARN_DOCUMENTATION_COMMENTS = YES;
				CLANG_WARN_EMPTY_BODY = YES;
				CLANG_WARN_ENUM_CONVERSION = YES;
				CLANG_WARN_INFINITE_RECURSION = YES;
				CLANG_WARN_INT_CONVERSION = YES;
				CLANG_WARN_NON_LITERAL_NULL_CONVERSION = YES;
				CLANG_WARN_OBJC_IMPLICIT_RETAIN_SELF = YES;
				CLANG_WARN_OBJC_LITERAL_CONVERSION = YES;
				CLANG_WARN_OBJC_ROOT_CLASS = YES_ERROR;
				CLANG_WARN_RANGE_LOOP_ANALYSIS = YES;
				CLANG_WARN_STRICT_PROTOTYPES = YES;
				CLANG_WARN_SUSPICIOUS_MOVE = YES;
				CLANG_WARN_UNGUARDED_AVAILABILITY = YES_AGGRESSIVE;
				CLANG_WARN_UNREACHABLE_CODE = YES;
				CLANG_WARN__DUPLICATE_METHOD_MATCH = YES;
				CODE_SIGN_IDENTITY = "iPhone Developer";
				COPY_PHASE_STRIP = NO;
				DEBUG_INFORMATION_FORMAT = "dwarf-with-dsym";
				ENABLE_NS_ASSERTIONS = NO;
				ENABLE_STRICT_OBJC_MSGSEND = YES;
				GCC_C_LANGUAGE_STANDARD = gnu11;
				GCC_NO_COMMON_BLOCKS = YES;
				GCC_WARN_64_TO_32_BIT_CONVERSION = YES;
				GCC_WARN_ABOUT_RETURN_TYPE = YES_ERROR;
				GCC_WARN_UNDECLARED_SELECTOR = YES;
				GCC_WARN_UNINITIALIZED_AUTOS = YES_AGGRESSIVE;
				GCC_WARN_UNUSED_FUNCTION = YES;
				GCC_WARN_UNUSED_VARIABLE = YES;
				IPHONEOS_DEPLOYMENT_TARGET = 12.2;
				MTL_ENABLE_DEBUG_INFO = NO;
				MTL_FAST_MATH = YES;
				SDKROOT = iphoneos;
				VALIDATE_PRODUCT = YES;
			};
			name = Release;
		};
		AC2D9DCA227B3690005F1E68 /* Debug */ = {
			isa = XCBuildConfiguration;
			buildSettings = {
				ASSETCATALOG_COMPILER_APPICON_NAME = AppIcon;
				CODE_SIGN_STYLE = Automatic;
				DEVELOPMENT_TEAM = D66H382JWL;
				INFOPLIST_FILE = ShoppingCart/Info.plist;
				LD_RUNPATH_SEARCH_PATHS = (
					"$(inherited)",
					"@executable_path/Frameworks",
				);
				PRODUCT_BUNDLE_IDENTIFIER = com.endava.andresMendieta.ShoppingCart;
				PRODUCT_NAME = "$(TARGET_NAME)";
				TARGETED_DEVICE_FAMILY = "1,2";
			};
			name = Debug;
		};
		AC2D9DCB227B3690005F1E68 /* Release */ = {
			isa = XCBuildConfiguration;
			buildSettings = {
				ASSETCATALOG_COMPILER_APPICON_NAME = AppIcon;
				CODE_SIGN_STYLE = Automatic;
				DEVELOPMENT_TEAM = D66H382JWL;
				INFOPLIST_FILE = ShoppingCart/Info.plist;
				LD_RUNPATH_SEARCH_PATHS = (
					"$(inherited)",
					"@executable_path/Frameworks",
				);
				PRODUCT_BUNDLE_IDENTIFIER = com.endava.andresMendieta.ShoppingCart;
				PRODUCT_NAME = "$(TARGET_NAME)";
				TARGETED_DEVICE_FAMILY = "1,2";
			};
			name = Release;
		};
/* End XCBuildConfiguration section */

/* Begin XCConfigurationList section */
		AC2D9DAE227B368C005F1E68 /* Build configuration list for PBXProject "ShoppingCart" */ = {
			isa = XCConfigurationList;
			buildConfigurations = (
				AC2D9DC7227B3690005F1E68 /* Debug */,
				AC2D9DC8227B3690005F1E68 /* Release */,
			);
			defaultConfigurationIsVisible = 0;
			defaultConfigurationName = Release;
		};
		AC2D9DC9227B3690005F1E68 /* Build configuration list for PBXNativeTarget "ShoppingCart" */ = {
			isa = XCConfigurationList;
			buildConfigurations = (
				AC2D9DCA227B3690005F1E68 /* Debug */,
				AC2D9DCB227B3690005F1E68 /* Release */,
			);
			defaultConfigurationIsVisible = 0;
			defaultConfigurationName = Release;
		};
/* End XCConfigurationList section */
	};
	rootObject = AC2D9DAB227B368C005F1E68 /* Project object */;
}
